
Microsoft Visual Studio Solution File, Format Version 12.00
# Visual Studio Version 17
VisualStudioVersion = 17.4.33213.308
MinimumVisualStudioVersion = 10.0.40219.1
Project("{FAE04EC0-301F-11D3-BF4B-00C04F79EFBC}") = "activity5", "activity5\activity5.csproj", "{4AD5567A-511E-43A7-8E48-205271B5D19E}"
EndProject
Global
	GlobalSection(SolutionConfigurationPlatforms) = preSolution
		Debug|Any CPU = Debug|Any CPU
		Release|Any CPU = Release|Any CPU
	EndGlobalSection
	GlobalSection(ProjectConfigurationPlatforms) = postSolution
		{4AD5567A-511E-43A7-8E48-205271B5D19E}.Debug|Any CPU.ActiveCfg = Debug|Any CPU
		{4AD5567A-511E-43A7-8E48-205271B5D19E}.Debug|Any CPU.Build.0 = Debug|Any CPU
		{4AD5567A-511E-43A7-8E48-205271B5D19E}.Release|Any CPU.ActiveCfg = Release|Any CPU
		{4AD5567A-511E-43A7-8E48-205271B5D19E}.Release|Any CPU.Build.0 = Release|Any CPU
	EndGlobalSection
	GlobalSection(SolutionProperties) = preSolution
		HideSolutionNode = FALSE
	EndGlobalSection
	GlobalSection(ExtensibilityGlobals) = postSolution
		SolutionGuid = {EFE697FB-4676-4A7B-9EE2-878875AE0697}
	EndGlobalSection
EndGlobal
