
Microsoft Visual Studio Solution File, Format Version 12.00
# Visual Studio Version 17
VisualStudioVersion = 17.4.33213.308
MinimumVisualStudioVersion = 10.0.40219.1
Project("{FAE04EC0-301F-11D3-BF4B-00C04F79EFBC}") = "activity8", "activity8\activity8.csproj", "{DA97AD0C-D433-42C3-A04E-10E8FE1B26C3}"
EndProject
Global
	GlobalSection(SolutionConfigurationPlatforms) = preSolution
		Debug|Any CPU = Debug|Any CPU
		Release|Any CPU = Release|Any CPU
	EndGlobalSection
	GlobalSection(ProjectConfigurationPlatforms) = postSolution
		{DA97AD0C-D433-42C3-A04E-10E8FE1B26C3}.Debug|Any CPU.ActiveCfg = Debug|Any CPU
		{DA97AD0C-D433-42C3-A04E-10E8FE1B26C3}.Debug|Any CPU.Build.0 = Debug|Any CPU
		{DA97AD0C-D433-42C3-A04E-10E8FE1B26C3}.Release|Any CPU.ActiveCfg = Release|Any CPU
		{DA97AD0C-D433-42C3-A04E-10E8FE1B26C3}.Release|Any CPU.Build.0 = Release|Any CPU
	EndGlobalSection
	GlobalSection(SolutionProperties) = preSolution
		HideSolutionNode = FALSE
	EndGlobalSection
	GlobalSection(ExtensibilityGlobals) = postSolution
		SolutionGuid = {203C5B3D-45DC-4780-BFCD-2B067635E1E0}
	EndGlobalSection
EndGlobal
